
Microsoft Visual Studio Solution File, Format Version 12.00
# Visual Studio Version 17
VisualStudioVersion = 17.9.34728.123
MinimumVisualStudioVersion = 10.0.40219.1
Project("{FAE04EC0-301F-11D3-BF4B-00C04F79EFBC}") = "GestorWeb", "GestorWeb.csproj", "{687364DD-2D93-4D82-83DC-BDD047242E35}"
	ProjectSection(ProjectDependencies) = postProject
		{D6FC546A-16E4-4753-9A2E-005BDD24EB2D} = {D6FC546A-16E4-4753-9A2E-005BDD24EB2D}
	EndProjectSection
EndProject
Project("{FAE04EC0-301F-11D3-BF4B-00C04F79EFBC}") = "Entidades", "..\Entidades\Entidades.csproj", "{D6FC546A-16E4-4753-9A2E-005BDD24EB2D}"
EndProject
Project("{FAE04EC0-301F-11D3-BF4B-00C04F79EFBC}") = "Negocio", "..\Negocio\Negocio.csproj", "{62C696D5-0029-4B14-9C1A-11BBDD8CD3DF}"
EndProject
Project("{FAE04EC0-301F-11D3-BF4B-00C04F79EFBC}") = "Dao", "..\DAO\Dao.csproj", "{45F8491A-94A0-4D12-AFD1-6C3ABE74615C}"
EndProject
Project("{FAE04EC0-301F-11D3-BF4B-00C04F79EFBC}") = "DaoImpl", "..\DaoImpl\DaoImpl.csproj", "{7C8524B1-A954-4F8D-9C15-CFF9183BDE31}"
EndProject
Project("{FAE04EC0-301F-11D3-BF4B-00C04F79EFBC}") = "ConsoleApp", "..\ConsoleApp\ConsoleApp.csproj", "{5113F044-9307-4031-9F42-4C10122F590B}"
EndProject
Global
	GlobalSection(SolutionConfigurationPlatforms) = preSolution
		Debug|Any CPU = Debug|Any CPU
		Release|Any CPU = Release|Any CPU
	EndGlobalSection
	GlobalSection(ProjectConfigurationPlatforms) = postSolution
		{687364DD-2D93-4D82-83DC-BDD047242E35}.Debug|Any CPU.ActiveCfg = Debug|Any CPU
		{687364DD-2D93-4D82-83DC-BDD047242E35}.Debug|Any CPU.Build.0 = Debug|Any CPU
		{687364DD-2D93-4D82-83DC-BDD047242E35}.Release|Any CPU.ActiveCfg = Release|Any CPU
		{687364DD-2D93-4D82-83DC-BDD047242E35}.Release|Any CPU.Build.0 = Release|Any CPU
		{D6FC546A-16E4-4753-9A2E-005BDD24EB2D}.Debug|Any CPU.ActiveCfg = Debug|Any CPU
		{D6FC546A-16E4-4753-9A2E-005BDD24EB2D}.Debug|Any CPU.Build.0 = Debug|Any CPU
		{D6FC546A-16E4-4753-9A2E-005BDD24EB2D}.Release|Any CPU.ActiveCfg = Release|Any CPU
		{D6FC546A-16E4-4753-9A2E-005BDD24EB2D}.Release|Any CPU.Build.0 = Release|Any CPU
		{62C696D5-0029-4B14-9C1A-11BBDD8CD3DF}.Debug|Any CPU.ActiveCfg = Debug|Any CPU
		{62C696D5-0029-4B14-9C1A-11BBDD8CD3DF}.Debug|Any CPU.Build.0 = Debug|Any CPU
		{62C696D5-0029-4B14-9C1A-11BBDD8CD3DF}.Release|Any CPU.ActiveCfg = Release|Any CPU
		{62C696D5-0029-4B14-9C1A-11BBDD8CD3DF}.Release|Any CPU.Build.0 = Release|Any CPU
		{45F8491A-94A0-4D12-AFD1-6C3ABE74615C}.Debug|Any CPU.ActiveCfg = Debug|Any CPU
		{45F8491A-94A0-4D12-AFD1-6C3ABE74615C}.Debug|Any CPU.Build.0 = Debug|Any CPU
		{45F8491A-94A0-4D12-AFD1-6C3ABE74615C}.Release|Any CPU.ActiveCfg = Release|Any CPU
		{45F8491A-94A0-4D12-AFD1-6C3ABE74615C}.Release|Any CPU.Build.0 = Release|Any CPU
		{7C8524B1-A954-4F8D-9C15-CFF9183BDE31}.Debug|Any CPU.ActiveCfg = Debug|Any CPU
		{7C8524B1-A954-4F8D-9C15-CFF9183BDE31}.Debug|Any CPU.Build.0 = Debug|Any CPU
		{7C8524B1-A954-4F8D-9C15-CFF9183BDE31}.Release|Any CPU.ActiveCfg = Release|Any CPU
		{7C8524B1-A954-4F8D-9C15-CFF9183BDE31}.Release|Any CPU.Build.0 = Release|Any CPU
		{5113F044-9307-4031-9F42-4C10122F590B}.Debug|Any CPU.ActiveCfg = Debug|Any CPU
		{5113F044-9307-4031-9F42-4C10122F590B}.Debug|Any CPU.Build.0 = Debug|Any CPU
		{5113F044-9307-4031-9F42-4C10122F590B}.Release|Any CPU.ActiveCfg = Release|Any CPU
		{5113F044-9307-4031-9F42-4C10122F590B}.Release|Any CPU.Build.0 = Release|Any CPU
	EndGlobalSection
	GlobalSection(SolutionProperties) = preSolution
		HideSolutionNode = FALSE
	EndGlobalSection
	GlobalSection(ExtensibilityGlobals) = postSolution
		SolutionGuid = {13AFBC82-3F7B-431E-919D-D06CE3D9E728}
	EndGlobalSection
EndGlobal
